
Microsoft Visual Studio Solution File, Format Version 12.00
# Visual Studio Version 17
VisualStudioVersion = 17.1.32328.378
MinimumVisualStudioVersion = 10.0.40219.1
Project("{8BC9CEB8-8B4A-11D0-8D11-00A0C91BC942}") = "num.1094", "백준 문제 노트\백준 문제 노트.vcxproj", "{7C426105-97D4-4880-A27A-40F6C4D28202}"
EndProject
Project("{8BC9CEB8-8B4A-11D0-8D11-00A0C91BC942}") = "num.1056", "asfasdf\asfasdf.vcxproj", "{A43FAB4A-2318-49B0-9350-214E205A0336}"
EndProject
Project("{8BC9CEB8-8B4A-11D0-8D11-00A0C91BC942}") = "num.2947", "num.2947\num.2947.vcxproj", "{9ACE4EA9-F4D6-4816-AD6A-C3F302D54229}"
EndProject
Project("{8BC9CEB8-8B4A-11D0-8D11-00A0C91BC942}") = "asdfasf", "asdfasf\asdfasf.vcxproj", "{DDE4C868-1137-424E-B1D7-2B91649917C3}"
EndProject
Project("{8BC9CEB8-8B4A-11D0-8D11-00A0C91BC942}") = "빈 노트", "빈 노트\빈 노트.vcxproj", "{0408B022-748C-44AA-A109-0F1E510E116D}"
EndProject
Project("{8BC9CEB8-8B4A-11D0-8D11-00A0C91BC942}") = "num.15686", "num.15686\num.15686.vcxproj", "{503CB703-D593-4E70-862E-AEB0D87B7614}"
EndProject
Project("{8BC9CEB8-8B4A-11D0-8D11-00A0C91BC942}") = "num.2798", "num.2798\num.2798.vcxproj", "{646E90DD-013E-45A3-9669-E72548C23A99}"
EndProject
Project("{8BC9CEB8-8B4A-11D0-8D11-00A0C91BC942}") = "num.1431", "num.1431\num.1431.vcxproj", "{F32FDCDC-93B0-4488-A59E-E0A9676ABFAE}"
EndProject
Project("{8BC9CEB8-8B4A-11D0-8D11-00A0C91BC942}") = "asdfasdfsadf", "asdfasdfsadf\asdfasdfsadf.vcxproj", "{C0C3EA9B-9697-4D93-AAF2-259CB469F61C}"
EndProject
Project("{8BC9CEB8-8B4A-11D0-8D11-00A0C91BC942}") = "num.12018", "num.12018\num.12018.vcxproj", "{11A85D50-BE67-4709-B852-ED4370C7FFDC}"
EndProject
Project("{8BC9CEB8-8B4A-11D0-8D11-00A0C91BC942}") = "num.1991", "num.1991\num.1991.vcxproj", "{D117B593-8408-48F0-B54C-BE16AF428466}"
EndProject
Project("{8BC9CEB8-8B4A-11D0-8D11-00A0C91BC942}") = "num.1922", "num.1922\num.1922.vcxproj", "{80D8006E-D086-4A30-A231-3B56AFFC0CB1}"
EndProject
Project("{8BC9CEB8-8B4A-11D0-8D11-00A0C91BC942}") = "num.14502", "num.14502\num.14502.vcxproj", "{7999D022-80DC-4DC5-94CE-F1605667D915}"
EndProject
Project("{8BC9CEB8-8B4A-11D0-8D11-00A0C91BC942}") = "num.1759", "num.1759\num.1759.vcxproj", "{E09351C1-F06D-4DD9-8C5C-C1311E5F29C7}"
EndProject
Project("{8BC9CEB8-8B4A-11D0-8D11-00A0C91BC942}") = "num.1735", "num.1735\num.1735.vcxproj", "{693284E0-28C2-4F2D-9D01-717407903C6A}"
EndProject
Project("{8BC9CEB8-8B4A-11D0-8D11-00A0C91BC942}") = "num.10828", "num.10828\num.10828.vcxproj", "{C2576A9A-6B06-443A-BD95-9E06E9660786}"
EndProject
Project("{8BC9CEB8-8B4A-11D0-8D11-00A0C91BC942}") = "num.2750", "num.2750\num.2750.vcxproj", "{1F8F3F7C-E68F-4DDB-A3E2-6D99EDBE544D}"
EndProject
Project("{8BC9CEB8-8B4A-11D0-8D11-00A0C91BC942}") = "num.11399", "num.11399\num.11399.vcxproj", "{2BD1E9BC-D9A3-4A91-9115-B998E43506DE}"
EndProject
Project("{8BC9CEB8-8B4A-11D0-8D11-00A0C91BC942}") = "num.1107", "num.1107\num.1107.vcxproj", "{53A5A45D-A110-4D7C-9130-C726FFFE6C55}"
EndProject
Project("{8BC9CEB8-8B4A-11D0-8D11-00A0C91BC942}") = "num.1932", "num.1932\num.1932.vcxproj", "{0723465D-8A38-428C-B7BA-BD542DE355D3}"
EndProject
Project("{8BC9CEB8-8B4A-11D0-8D11-00A0C91BC942}") = "num.2579", "num.2579\num.2579.vcxproj", "{6CA492E3-A5A9-435C-A273-AE7F7550B72E}"
EndProject
Project("{8BC9CEB8-8B4A-11D0-8D11-00A0C91BC942}") = "num.9325", "num.9325\num.9325.vcxproj", "{30D54100-18F8-4437-9199-2611403C9583}"
EndProject
Project("{8BC9CEB8-8B4A-11D0-8D11-00A0C91BC942}") = "num.14405", "num.14405\num.14405.vcxproj", "{926AE2A3-849D-4BEF-8EFD-6316016CF90B}"
EndProject
Project("{8BC9CEB8-8B4A-11D0-8D11-00A0C91BC942}") = "num.11723", "num.11723\num.11723.vcxproj", "{EF57F202-C20F-4F89-92E6-7C5F32DE886B}"
EndProject
Project("{8BC9CEB8-8B4A-11D0-8D11-00A0C91BC942}") = "num.2839", "num.2839\num.2839.vcxproj", "{55A33D06-B0D5-4F14-9317-3AC9F44398AB}"
EndProject
Project("{8BC9CEB8-8B4A-11D0-8D11-00A0C91BC942}") = "num.10819", "num.10819\num.10819.vcxproj", "{E81950A0-5535-4470-A016-736427476A56}"
EndProject
Project("{8BC9CEB8-8B4A-11D0-8D11-00A0C91BC942}") = "num.2193", "num.2193\num.2193.vcxproj", "{68C56161-4849-4F59-98CA-023708B3A606}"
EndProject
Project("{8BC9CEB8-8B4A-11D0-8D11-00A0C91BC942}") = "num.11719", "num.11719\num.11719.vcxproj", "{00DB77B4-D62E-4052-804C-9A6F86D43BDB}"
EndProject
Project("{8BC9CEB8-8B4A-11D0-8D11-00A0C91BC942}") = "num.2908", "num.2908\num.2908.vcxproj", "{2B25814D-649B-4A09-BB5C-6900503F46E1}"
EndProject
Project("{8BC9CEB8-8B4A-11D0-8D11-00A0C91BC942}") = "num.6603", "num.6603\num.6603.vcxproj", "{CC57D9BA-5DF0-4229-897A-8A81DF2C1F2A}"
EndProject
Project("{8BC9CEB8-8B4A-11D0-8D11-00A0C91BC942}") = "num.1026", "num.1026\num.1026.vcxproj", "{CE78CB9E-2686-44D1-BDFB-8349731175E3}"
EndProject
Project("{8BC9CEB8-8B4A-11D0-8D11-00A0C91BC942}") = "num.3671", "num.3671\num.3671.vcxproj", "{A4862DC7-AF41-4A37-B816-60F85E19943B}"
EndProject
Project("{8BC9CEB8-8B4A-11D0-8D11-00A0C91BC942}") = "asdfasdfasdfasdfasdf", "asdfasdfasdfasdfasdf\asdfasdfasdfasdfasdf.vcxproj", "{E6215ACB-A4C5-4184-87E7-7BEAF28F6C22}"
EndProject
Project("{8BC9CEB8-8B4A-11D0-8D11-00A0C91BC942}") = "num.1012", "num.1012\num.1012.vcxproj", "{6AE12661-B38C-489A-B096-0D8708153EBE}"
EndProject
Project("{8BC9CEB8-8B4A-11D0-8D11-00A0C91BC942}") = "num.2562", "num.2562\num.2562.vcxproj", "{C830FCA2-279B-41F9-B89F-A5B6C5793C69}"
EndProject
Project("{8BC9CEB8-8B4A-11D0-8D11-00A0C91BC942}") = "num.1427", "num.1427\num.1427.vcxproj", "{D7C05383-73EB-4C8B-AEE0-367456EAD02C}"
EndProject
Project("{8BC9CEB8-8B4A-11D0-8D11-00A0C91BC942}") = "num.2251", "num.2251\num.2251.vcxproj", "{2A3BA6E8-033E-4F01-A88F-DA2E1A395E95}"
EndProject
Project("{8BC9CEB8-8B4A-11D0-8D11-00A0C91BC942}") = "num.14889", "num.14889\num.14889.vcxproj", "{01FA4E21-8031-463A-80B7-044BCA882A96}"
EndProject
Project("{8BC9CEB8-8B4A-11D0-8D11-00A0C91BC942}") = "num.10815", "num.10815\num.10815.vcxproj", "{3074E772-38E5-4B94-8B07-387C2B57EBC5}"
EndProject
Project("{8BC9CEB8-8B4A-11D0-8D11-00A0C91BC942}") = "num.6588", "num.6588\num.6588.vcxproj", "{F87DD9F1-B5E1-46EE-B24D-59D614E91E7A}"
EndProject
Global
	GlobalSection(SolutionConfigurationPlatforms) = preSolution
		Debug|x64 = Debug|x64
		Debug|x86 = Debug|x86
		Release|x64 = Release|x64
		Release|x86 = Release|x86
	EndGlobalSection
	GlobalSection(ProjectConfigurationPlatforms) = postSolution
		{7C426105-97D4-4880-A27A-40F6C4D28202}.Debug|x64.ActiveCfg = Debug|x64
		{7C426105-97D4-4880-A27A-40F6C4D28202}.Debug|x64.Build.0 = Debug|x64
		{7C426105-97D4-4880-A27A-40F6C4D28202}.Debug|x86.ActiveCfg = Debug|Win32
		{7C426105-97D4-4880-A27A-40F6C4D28202}.Debug|x86.Build.0 = Debug|Win32
		{7C426105-97D4-4880-A27A-40F6C4D28202}.Release|x64.ActiveCfg = Release|x64
		{7C426105-97D4-4880-A27A-40F6C4D28202}.Release|x64.Build.0 = Release|x64
		{7C426105-97D4-4880-A27A-40F6C4D28202}.Release|x86.ActiveCfg = Release|Win32
		{7C426105-97D4-4880-A27A-40F6C4D28202}.Release|x86.Build.0 = Release|Win32
		{A43FAB4A-2318-49B0-9350-214E205A0336}.Debug|x64.ActiveCfg = Debug|x64
		{A43FAB4A-2318-49B0-9350-214E205A0336}.Debug|x64.Build.0 = Debug|x64
		{A43FAB4A-2318-49B0-9350-214E205A0336}.Debug|x86.ActiveCfg = Debug|Win32
		{A43FAB4A-2318-49B0-9350-214E205A0336}.Debug|x86.Build.0 = Debug|Win32
		{A43FAB4A-2318-49B0-9350-214E205A0336}.Release|x64.ActiveCfg = Release|x64
		{A43FAB4A-2318-49B0-9350-214E205A0336}.Release|x64.Build.0 = Release|x64
		{A43FAB4A-2318-49B0-9350-214E205A0336}.Release|x86.ActiveCfg = Release|Win32
		{A43FAB4A-2318-49B0-9350-214E205A0336}.Release|x86.Build.0 = Release|Win32
		{9ACE4EA9-F4D6-4816-AD6A-C3F302D54229}.Debug|x64.ActiveCfg = Debug|x64
		{9ACE4EA9-F4D6-4816-AD6A-C3F302D54229}.Debug|x64.Build.0 = Debug|x64
		{9ACE4EA9-F4D6-4816-AD6A-C3F302D54229}.Debug|x86.ActiveCfg = Debug|Win32
		{9ACE4EA9-F4D6-4816-AD6A-C3F302D54229}.Debug|x86.Build.0 = Debug|Win32
		{9ACE4EA9-F4D6-4816-AD6A-C3F302D54229}.Release|x64.ActiveCfg = Release|x64
		{9ACE4EA9-F4D6-4816-AD6A-C3F302D54229}.Release|x64.Build.0 = Release|x64
		{9ACE4EA9-F4D6-4816-AD6A-C3F302D54229}.Release|x86.ActiveCfg = Release|Win32
		{9ACE4EA9-F4D6-4816-AD6A-C3F302D54229}.Release|x86.Build.0 = Release|Win32
		{DDE4C868-1137-424E-B1D7-2B91649917C3}.Debug|x64.ActiveCfg = Debug|x64
		{DDE4C868-1137-424E-B1D7-2B91649917C3}.Debug|x64.Build.0 = Debug|x64
		{DDE4C868-1137-424E-B1D7-2B91649917C3}.Debug|x86.ActiveCfg = Debug|Win32
		{DDE4C868-1137-424E-B1D7-2B91649917C3}.Debug|x86.Build.0 = Debug|Win32
		{DDE4C868-1137-424E-B1D7-2B91649917C3}.Release|x64.ActiveCfg = Release|x64
		{DDE4C868-1137-424E-B1D7-2B91649917C3}.Release|x64.Build.0 = Release|x64
		{DDE4C868-1137-424E-B1D7-2B91649917C3}.Release|x86.ActiveCfg = Release|Win32
		{DDE4C868-1137-424E-B1D7-2B91649917C3}.Release|x86.Build.0 = Release|Win32
		{0408B022-748C-44AA-A109-0F1E510E116D}.Debug|x64.ActiveCfg = Debug|x64
		{0408B022-748C-44AA-A109-0F1E510E116D}.Debug|x64.Build.0 = Debug|x64
		{0408B022-748C-44AA-A109-0F1E510E116D}.Debug|x86.ActiveCfg = Debug|Win32
		{0408B022-748C-44AA-A109-0F1E510E116D}.Debug|x86.Build.0 = Debug|Win32
		{0408B022-748C-44AA-A109-0F1E510E116D}.Release|x64.ActiveCfg = Release|x64
		{0408B022-748C-44AA-A109-0F1E510E116D}.Release|x64.Build.0 = Release|x64
		{0408B022-748C-44AA-A109-0F1E510E116D}.Release|x86.ActiveCfg = Release|Win32
		{0408B022-748C-44AA-A109-0F1E510E116D}.Release|x86.Build.0 = Release|Win32
		{503CB703-D593-4E70-862E-AEB0D87B7614}.Debug|x64.ActiveCfg = Debug|x64
		{503CB703-D593-4E70-862E-AEB0D87B7614}.Debug|x64.Build.0 = Debug|x64
		{503CB703-D593-4E70-862E-AEB0D87B7614}.Debug|x86.ActiveCfg = Debug|Win32
		{503CB703-D593-4E70-862E-AEB0D87B7614}.Debug|x86.Build.0 = Debug|Win32
		{503CB703-D593-4E70-862E-AEB0D87B7614}.Release|x64.ActiveCfg = Release|x64
		{503CB703-D593-4E70-862E-AEB0D87B7614}.Release|x64.Build.0 = Release|x64
		{503CB703-D593-4E70-862E-AEB0D87B7614}.Release|x86.ActiveCfg = Release|Win32
		{503CB703-D593-4E70-862E-AEB0D87B7614}.Release|x86.Build.0 = Release|Win32
		{646E90DD-013E-45A3-9669-E72548C23A99}.Debug|x64.ActiveCfg = Debug|x64
		{646E90DD-013E-45A3-9669-E72548C23A99}.Debug|x64.Build.0 = Debug|x64
		{646E90DD-013E-45A3-9669-E72548C23A99}.Debug|x86.ActiveCfg = Debug|Win32
		{646E90DD-013E-45A3-9669-E72548C23A99}.Debug|x86.Build.0 = Debug|Win32
		{646E90DD-013E-45A3-9669-E72548C23A99}.Release|x64.ActiveCfg = Release|x64
		{646E90DD-013E-45A3-9669-E72548C23A99}.Release|x64.Build.0 = Release|x64
		{646E90DD-013E-45A3-9669-E72548C23A99}.Release|x86.ActiveCfg = Release|Win32
		{646E90DD-013E-45A3-9669-E72548C23A99}.Release|x86.Build.0 = Release|Win32
		{F32FDCDC-93B0-4488-A59E-E0A9676ABFAE}.Debug|x64.ActiveCfg = Debug|x64
		{F32FDCDC-93B0-4488-A59E-E0A9676ABFAE}.Debug|x64.Build.0 = Debug|x64
		{F32FDCDC-93B0-4488-A59E-E0A9676ABFAE}.Debug|x86.ActiveCfg = Debug|Win32
		{F32FDCDC-93B0-4488-A59E-E0A9676ABFAE}.Debug|x86.Build.0 = Debug|Win32
		{F32FDCDC-93B0-4488-A59E-E0A9676ABFAE}.Release|x64.ActiveCfg = Release|x64
		{F32FDCDC-93B0-4488-A59E-E0A9676ABFAE}.Release|x64.Build.0 = Release|x64
		{F32FDCDC-93B0-4488-A59E-E0A9676ABFAE}.Release|x86.ActiveCfg = Release|Win32
		{F32FDCDC-93B0-4488-A59E-E0A9676ABFAE}.Release|x86.Build.0 = Release|Win32
		{C0C3EA9B-9697-4D93-AAF2-259CB469F61C}.Debug|x64.ActiveCfg = Debug|x64
		{C0C3EA9B-9697-4D93-AAF2-259CB469F61C}.Debug|x64.Build.0 = Debug|x64
		{C0C3EA9B-9697-4D93-AAF2-259CB469F61C}.Debug|x86.ActiveCfg = Debug|Win32
		{C0C3EA9B-9697-4D93-AAF2-259CB469F61C}.Debug|x86.Build.0 = Debug|Win32
		{C0C3EA9B-9697-4D93-AAF2-259CB469F61C}.Release|x64.ActiveCfg = Release|x64
		{C0C3EA9B-9697-4D93-AAF2-259CB469F61C}.Release|x64.Build.0 = Release|x64
		{C0C3EA9B-9697-4D93-AAF2-259CB469F61C}.Release|x86.ActiveCfg = Release|Win32
		{C0C3EA9B-9697-4D93-AAF2-259CB469F61C}.Release|x86.Build.0 = Release|Win32
		{11A85D50-BE67-4709-B852-ED4370C7FFDC}.Debug|x64.ActiveCfg = Debug|x64
		{11A85D50-BE67-4709-B852-ED4370C7FFDC}.Debug|x64.Build.0 = Debug|x64
		{11A85D50-BE67-4709-B852-ED4370C7FFDC}.Debug|x86.ActiveCfg = Debug|Win32
		{11A85D50-BE67-4709-B852-ED4370C7FFDC}.Debug|x86.Build.0 = Debug|Win32
		{11A85D50-BE67-4709-B852-ED4370C7FFDC}.Release|x64.ActiveCfg = Release|x64
		{11A85D50-BE67-4709-B852-ED4370C7FFDC}.Release|x64.Build.0 = Release|x64
		{11A85D50-BE67-4709-B852-ED4370C7FFDC}.Release|x86.ActiveCfg = Release|Win32
		{11A85D50-BE67-4709-B852-ED4370C7FFDC}.Release|x86.Build.0 = Release|Win32
		{D117B593-8408-48F0-B54C-BE16AF428466}.Debug|x64.ActiveCfg = Debug|x64
		{D117B593-8408-48F0-B54C-BE16AF428466}.Debug|x64.Build.0 = Debug|x64
		{D117B593-8408-48F0-B54C-BE16AF428466}.Debug|x86.ActiveCfg = Debug|Win32
		{D117B593-8408-48F0-B54C-BE16AF428466}.Debug|x86.Build.0 = Debug|Win32
		{D117B593-8408-48F0-B54C-BE16AF428466}.Release|x64.ActiveCfg = Release|x64
		{D117B593-8408-48F0-B54C-BE16AF428466}.Release|x64.Build.0 = Release|x64
		{D117B593-8408-48F0-B54C-BE16AF428466}.Release|x86.ActiveCfg = Release|Win32
		{D117B593-8408-48F0-B54C-BE16AF428466}.Release|x86.Build.0 = Release|Win32
		{80D8006E-D086-4A30-A231-3B56AFFC0CB1}.Debug|x64.ActiveCfg = Debug|x64
		{80D8006E-D086-4A30-A231-3B56AFFC0CB1}.Debug|x64.Build.0 = Debug|x64
		{80D8006E-D086-4A30-A231-3B56AFFC0CB1}.Debug|x86.ActiveCfg = Debug|Win32
		{80D8006E-D086-4A30-A231-3B56AFFC0CB1}.Debug|x86.Build.0 = Debug|Win32
		{80D8006E-D086-4A30-A231-3B56AFFC0CB1}.Release|x64.ActiveCfg = Release|x64
		{80D8006E-D086-4A30-A231-3B56AFFC0CB1}.Release|x64.Build.0 = Release|x64
		{80D8006E-D086-4A30-A231-3B56AFFC0CB1}.Release|x86.ActiveCfg = Release|Win32
		{80D8006E-D086-4A30-A231-3B56AFFC0CB1}.Release|x86.Build.0 = Release|Win32
		{7999D022-80DC-4DC5-94CE-F1605667D915}.Debug|x64.ActiveCfg = Debug|x64
		{7999D022-80DC-4DC5-94CE-F1605667D915}.Debug|x64.Build.0 = Debug|x64
		{7999D022-80DC-4DC5-94CE-F1605667D915}.Debug|x86.ActiveCfg = Debug|Win32
		{7999D022-80DC-4DC5-94CE-F1605667D915}.Debug|x86.Build.0 = Debug|Win32
		{7999D022-80DC-4DC5-94CE-F1605667D915}.Release|x64.ActiveCfg = Release|x64
		{7999D022-80DC-4DC5-94CE-F1605667D915}.Release|x64.Build.0 = Release|x64
		{7999D022-80DC-4DC5-94CE-F1605667D915}.Release|x86.ActiveCfg = Release|Win32
		{7999D022-80DC-4DC5-94CE-F1605667D915}.Release|x86.Build.0 = Release|Win32
		{E09351C1-F06D-4DD9-8C5C-C1311E5F29C7}.Debug|x64.ActiveCfg = Debug|x64
		{E09351C1-F06D-4DD9-8C5C-C1311E5F29C7}.Debug|x64.Build.0 = Debug|x64
		{E09351C1-F06D-4DD9-8C5C-C1311E5F29C7}.Debug|x86.ActiveCfg = Debug|Win32
		{E09351C1-F06D-4DD9-8C5C-C1311E5F29C7}.Debug|x86.Build.0 = Debug|Win32
		{E09351C1-F06D-4DD9-8C5C-C1311E5F29C7}.Release|x64.ActiveCfg = Release|x64
		{E09351C1-F06D-4DD9-8C5C-C1311E5F29C7}.Release|x64.Build.0 = Release|x64
		{E09351C1-F06D-4DD9-8C5C-C1311E5F29C7}.Release|x86.ActiveCfg = Release|Win32
		{E09351C1-F06D-4DD9-8C5C-C1311E5F29C7}.Release|x86.Build.0 = Release|Win32
		{693284E0-28C2-4F2D-9D01-717407903C6A}.Debug|x64.ActiveCfg = Debug|x64
		{693284E0-28C2-4F2D-9D01-717407903C6A}.Debug|x64.Build.0 = Debug|x64
		{693284E0-28C2-4F2D-9D01-717407903C6A}.Debug|x86.ActiveCfg = Debug|Win32
		{693284E0-28C2-4F2D-9D01-717407903C6A}.Debug|x86.Build.0 = Debug|Win32
		{693284E0-28C2-4F2D-9D01-717407903C6A}.Release|x64.ActiveCfg = Release|x64
		{693284E0-28C2-4F2D-9D01-717407903C6A}.Release|x64.Build.0 = Release|x64
		{693284E0-28C2-4F2D-9D01-717407903C6A}.Release|x86.ActiveCfg = Release|Win32
		{693284E0-28C2-4F2D-9D01-717407903C6A}.Release|x86.Build.0 = Release|Win32
		{C2576A9A-6B06-443A-BD95-9E06E9660786}.Debug|x64.ActiveCfg = Debug|x64
		{C2576A9A-6B06-443A-BD95-9E06E9660786}.Debug|x64.Build.0 = Debug|x64
		{C2576A9A-6B06-443A-BD95-9E06E9660786}.Debug|x86.ActiveCfg = Debug|Win32
		{C2576A9A-6B06-443A-BD95-9E06E9660786}.Debug|x86.Build.0 = Debug|Win32
		{C2576A9A-6B06-443A-BD95-9E06E9660786}.Release|x64.ActiveCfg = Release|x64
		{C2576A9A-6B06-443A-BD95-9E06E9660786}.Release|x64.Build.0 = Release|x64
		{C2576A9A-6B06-443A-BD95-9E06E9660786}.Release|x86.ActiveCfg = Release|Win32
		{C2576A9A-6B06-443A-BD95-9E06E9660786}.Release|x86.Build.0 = Release|Win32
		{1F8F3F7C-E68F-4DDB-A3E2-6D99EDBE544D}.Debug|x64.ActiveCfg = Debug|x64
		{1F8F3F7C-E68F-4DDB-A3E2-6D99EDBE544D}.Debug|x64.Build.0 = Debug|x64
		{1F8F3F7C-E68F-4DDB-A3E2-6D99EDBE544D}.Debug|x86.ActiveCfg = Debug|Win32
		{1F8F3F7C-E68F-4DDB-A3E2-6D99EDBE544D}.Debug|x86.Build.0 = Debug|Win32
		{1F8F3F7C-E68F-4DDB-A3E2-6D99EDBE544D}.Release|x64.ActiveCfg = Release|x64
		{1F8F3F7C-E68F-4DDB-A3E2-6D99EDBE544D}.Release|x64.Build.0 = Release|x64
		{1F8F3F7C-E68F-4DDB-A3E2-6D99EDBE544D}.Release|x86.ActiveCfg = Release|Win32
		{1F8F3F7C-E68F-4DDB-A3E2-6D99EDBE544D}.Release|x86.Build.0 = Release|Win32
		{2BD1E9BC-D9A3-4A91-9115-B998E43506DE}.Debug|x64.ActiveCfg = Debug|x64
		{2BD1E9BC-D9A3-4A91-9115-B998E43506DE}.Debug|x64.Build.0 = Debug|x64
		{2BD1E9BC-D9A3-4A91-9115-B998E43506DE}.Debug|x86.ActiveCfg = Debug|Win32
		{2BD1E9BC-D9A3-4A91-9115-B998E43506DE}.Debug|x86.Build.0 = Debug|Win32
		{2BD1E9BC-D9A3-4A91-9115-B998E43506DE}.Release|x64.ActiveCfg = Release|x64
		{2BD1E9BC-D9A3-4A91-9115-B998E43506DE}.Release|x64.Build.0 = Release|x64
		{2BD1E9BC-D9A3-4A91-9115-B998E43506DE}.Release|x86.ActiveCfg = Release|Win32
		{2BD1E9BC-D9A3-4A91-9115-B998E43506DE}.Release|x86.Build.0 = Release|Win32
		{53A5A45D-A110-4D7C-9130-C726FFFE6C55}.Debug|x64.ActiveCfg = Debug|x64
		{53A5A45D-A110-4D7C-9130-C726FFFE6C55}.Debug|x64.Build.0 = Debug|x64
		{53A5A45D-A110-4D7C-9130-C726FFFE6C55}.Debug|x86.ActiveCfg = Debug|Win32
		{53A5A45D-A110-4D7C-9130-C726FFFE6C55}.Debug|x86.Build.0 = Debug|Win32
		{53A5A45D-A110-4D7C-9130-C726FFFE6C55}.Release|x64.ActiveCfg = Release|x64
		{53A5A45D-A110-4D7C-9130-C726FFFE6C55}.Release|x64.Build.0 = Release|x64
		{53A5A45D-A110-4D7C-9130-C726FFFE6C55}.Release|x86.ActiveCfg = Release|Win32
		{53A5A45D-A110-4D7C-9130-C726FFFE6C55}.Release|x86.Build.0 = Release|Win32
		{0723465D-8A38-428C-B7BA-BD542DE355D3}.Debug|x64.ActiveCfg = Debug|x64
		{0723465D-8A38-428C-B7BA-BD542DE355D3}.Debug|x64.Build.0 = Debug|x64
		{0723465D-8A38-428C-B7BA-BD542DE355D3}.Debug|x86.ActiveCfg = Debug|Win32
		{0723465D-8A38-428C-B7BA-BD542DE355D3}.Debug|x86.Build.0 = Debug|Win32
		{0723465D-8A38-428C-B7BA-BD542DE355D3}.Release|x64.ActiveCfg = Release|x64
		{0723465D-8A38-428C-B7BA-BD542DE355D3}.Release|x64.Build.0 = Release|x64
		{0723465D-8A38-428C-B7BA-BD542DE355D3}.Release|x86.ActiveCfg = Release|Win32
		{0723465D-8A38-428C-B7BA-BD542DE355D3}.Release|x86.Build.0 = Release|Win32
		{6CA492E3-A5A9-435C-A273-AE7F7550B72E}.Debug|x64.ActiveCfg = Debug|x64
		{6CA492E3-A5A9-435C-A273-AE7F7550B72E}.Debug|x64.Build.0 = Debug|x64
		{6CA492E3-A5A9-435C-A273-AE7F7550B72E}.Debug|x86.ActiveCfg = Debug|Win32
		{6CA492E3-A5A9-435C-A273-AE7F7550B72E}.Debug|x86.Build.0 = Debug|Win32
		{6CA492E3-A5A9-435C-A273-AE7F7550B72E}.Release|x64.ActiveCfg = Release|x64
		{6CA492E3-A5A9-435C-A273-AE7F7550B72E}.Release|x64.Build.0 = Release|x64
		{6CA492E3-A5A9-435C-A273-AE7F7550B72E}.Release|x86.ActiveCfg = Release|Win32
		{6CA492E3-A5A9-435C-A273-AE7F7550B72E}.Release|x86.Build.0 = Release|Win32
		{30D54100-18F8-4437-9199-2611403C9583}.Debug|x64.ActiveCfg = Debug|x64
		{30D54100-18F8-4437-9199-2611403C9583}.Debug|x64.Build.0 = Debug|x64
		{30D54100-18F8-4437-9199-2611403C9583}.Debug|x86.ActiveCfg = Debug|Win32
		{30D54100-18F8-4437-9199-2611403C9583}.Debug|x86.Build.0 = Debug|Win32
		{30D54100-18F8-4437-9199-2611403C9583}.Release|x64.ActiveCfg = Release|x64
		{30D54100-18F8-4437-9199-2611403C9583}.Release|x64.Build.0 = Release|x64
		{30D54100-18F8-4437-9199-2611403C9583}.Release|x86.ActiveCfg = Release|Win32
		{30D54100-18F8-4437-9199-2611403C9583}.Release|x86.Build.0 = Release|Win32
		{926AE2A3-849D-4BEF-8EFD-6316016CF90B}.Debug|x64.ActiveCfg = Debug|x64
		{926AE2A3-849D-4BEF-8EFD-6316016CF90B}.Debug|x64.Build.0 = Debug|x64
		{926AE2A3-849D-4BEF-8EFD-6316016CF90B}.Debug|x86.ActiveCfg = Debug|Win32
		{926AE2A3-849D-4BEF-8EFD-6316016CF90B}.Debug|x86.Build.0 = Debug|Win32
		{926AE2A3-849D-4BEF-8EFD-6316016CF90B}.Release|x64.ActiveCfg = Release|x64
		{926AE2A3-849D-4BEF-8EFD-6316016CF90B}.Release|x64.Build.0 = Release|x64
		{926AE2A3-849D-4BEF-8EFD-6316016CF90B}.Release|x86.ActiveCfg = Release|Win32
		{926AE2A3-849D-4BEF-8EFD-6316016CF90B}.Release|x86.Build.0 = Release|Win32
		{EF57F202-C20F-4F89-92E6-7C5F32DE886B}.Debug|x64.ActiveCfg = Debug|x64
		{EF57F202-C20F-4F89-92E6-7C5F32DE886B}.Debug|x64.Build.0 = Debug|x64
		{EF57F202-C20F-4F89-92E6-7C5F32DE886B}.Debug|x86.ActiveCfg = Debug|Win32
		{EF57F202-C20F-4F89-92E6-7C5F32DE886B}.Debug|x86.Build.0 = Debug|Win32
		{EF57F202-C20F-4F89-92E6-7C5F32DE886B}.Release|x64.ActiveCfg = Release|x64
		{EF57F202-C20F-4F89-92E6-7C5F32DE886B}.Release|x64.Build.0 = Release|x64
		{EF57F202-C20F-4F89-92E6-7C5F32DE886B}.Release|x86.ActiveCfg = Release|Win32
		{EF57F202-C20F-4F89-92E6-7C5F32DE886B}.Release|x86.Build.0 = Release|Win32
		{55A33D06-B0D5-4F14-9317-3AC9F44398AB}.Debug|x64.ActiveCfg = Debug|x64
		{55A33D06-B0D5-4F14-9317-3AC9F44398AB}.Debug|x64.Build.0 = Debug|x64
		{55A33D06-B0D5-4F14-9317-3AC9F44398AB}.Debug|x86.ActiveCfg = Debug|Win32
		{55A33D06-B0D5-4F14-9317-3AC9F44398AB}.Debug|x86.Build.0 = Debug|Win32
		{55A33D06-B0D5-4F14-9317-3AC9F44398AB}.Release|x64.ActiveCfg = Release|x64
		{55A33D06-B0D5-4F14-9317-3AC9F44398AB}.Release|x64.Build.0 = Release|x64
		{55A33D06-B0D5-4F14-9317-3AC9F44398AB}.Release|x86.ActiveCfg = Release|Win32
		{55A33D06-B0D5-4F14-9317-3AC9F44398AB}.Release|x86.Build.0 = Release|Win32
		{E81950A0-5535-4470-A016-736427476A56}.Debug|x64.ActiveCfg = Debug|x64
		{E81950A0-5535-4470-A016-736427476A56}.Debug|x64.Build.0 = Debug|x64
		{E81950A0-5535-4470-A016-736427476A56}.Debug|x86.ActiveCfg = Debug|Win32
		{E81950A0-5535-4470-A016-736427476A56}.Debug|x86.Build.0 = Debug|Win32
		{E81950A0-5535-4470-A016-736427476A56}.Release|x64.ActiveCfg = Release|x64
		{E81950A0-5535-4470-A016-736427476A56}.Release|x64.Build.0 = Release|x64
		{E81950A0-5535-4470-A016-736427476A56}.Release|x86.ActiveCfg = Release|Win32
		{E81950A0-5535-4470-A016-736427476A56}.Release|x86.Build.0 = Release|Win32
		{68C56161-4849-4F59-98CA-023708B3A606}.Debug|x64.ActiveCfg = Debug|x64
		{68C56161-4849-4F59-98CA-023708B3A606}.Debug|x64.Build.0 = Debug|x64
		{68C56161-4849-4F59-98CA-023708B3A606}.Debug|x86.ActiveCfg = Debug|Win32
		{68C56161-4849-4F59-98CA-023708B3A606}.Debug|x86.Build.0 = Debug|Win32
		{68C56161-4849-4F59-98CA-023708B3A606}.Release|x64.ActiveCfg = Release|x64
		{68C56161-4849-4F59-98CA-023708B3A606}.Release|x64.Build.0 = Release|x64
		{68C56161-4849-4F59-98CA-023708B3A606}.Release|x86.ActiveCfg = Release|Win32
		{68C56161-4849-4F59-98CA-023708B3A606}.Release|x86.Build.0 = Release|Win32
		{00DB77B4-D62E-4052-804C-9A6F86D43BDB}.Debug|x64.ActiveCfg = Debug|x64
		{00DB77B4-D62E-4052-804C-9A6F86D43BDB}.Debug|x64.Build.0 = Debug|x64
		{00DB77B4-D62E-4052-804C-9A6F86D43BDB}.Debug|x86.ActiveCfg = Debug|Win32
		{00DB77B4-D62E-4052-804C-9A6F86D43BDB}.Debug|x86.Build.0 = Debug|Win32
		{00DB77B4-D62E-4052-804C-9A6F86D43BDB}.Release|x64.ActiveCfg = Release|x64
		{00DB77B4-D62E-4052-804C-9A6F86D43BDB}.Release|x64.Build.0 = Release|x64
		{00DB77B4-D62E-4052-804C-9A6F86D43BDB}.Release|x86.ActiveCfg = Release|Win32
		{00DB77B4-D62E-4052-804C-9A6F86D43BDB}.Release|x86.Build.0 = Release|Win32
		{2B25814D-649B-4A09-BB5C-6900503F46E1}.Debug|x64.ActiveCfg = Debug|x64
		{2B25814D-649B-4A09-BB5C-6900503F46E1}.Debug|x64.Build.0 = Debug|x64
		{2B25814D-649B-4A09-BB5C-6900503F46E1}.Debug|x86.ActiveCfg = Debug|Win32
		{2B25814D-649B-4A09-BB5C-6900503F46E1}.Debug|x86.Build.0 = Debug|Win32
		{2B25814D-649B-4A09-BB5C-6900503F46E1}.Release|x64.ActiveCfg = Release|x64
		{2B25814D-649B-4A09-BB5C-6900503F46E1}.Release|x64.Build.0 = Release|x64
		{2B25814D-649B-4A09-BB5C-6900503F46E1}.Release|x86.ActiveCfg = Release|Win32
		{2B25814D-649B-4A09-BB5C-6900503F46E1}.Release|x86.Build.0 = Release|Win32
		{CC57D9BA-5DF0-4229-897A-8A81DF2C1F2A}.Debug|x64.ActiveCfg = Debug|x64
		{CC57D9BA-5DF0-4229-897A-8A81DF2C1F2A}.Debug|x64.Build.0 = Debug|x64
		{CC57D9BA-5DF0-4229-897A-8A81DF2C1F2A}.Debug|x86.ActiveCfg = Debug|Win32
		{CC57D9BA-5DF0-4229-897A-8A81DF2C1F2A}.Debug|x86.Build.0 = Debug|Win32
		{CC57D9BA-5DF0-4229-897A-8A81DF2C1F2A}.Release|x64.ActiveCfg = Release|x64
		{CC57D9BA-5DF0-4229-897A-8A81DF2C1F2A}.Release|x64.Build.0 = Release|x64
		{CC57D9BA-5DF0-4229-897A-8A81DF2C1F2A}.Release|x86.ActiveCfg = Release|Win32
		{CC57D9BA-5DF0-4229-897A-8A81DF2C1F2A}.Release|x86.Build.0 = Release|Win32
		{CE78CB9E-2686-44D1-BDFB-8349731175E3}.Debug|x64.ActiveCfg = Debug|x64
		{CE78CB9E-2686-44D1-BDFB-8349731175E3}.Debug|x64.Build.0 = Debug|x64
		{CE78CB9E-2686-44D1-BDFB-8349731175E3}.Debug|x86.ActiveCfg = Debug|Win32
		{CE78CB9E-2686-44D1-BDFB-8349731175E3}.Debug|x86.Build.0 = Debug|Win32
		{CE78CB9E-2686-44D1-BDFB-8349731175E3}.Release|x64.ActiveCfg = Release|x64
		{CE78CB9E-2686-44D1-BDFB-8349731175E3}.Release|x64.Build.0 = Release|x64
		{CE78CB9E-2686-44D1-BDFB-8349731175E3}.Release|x86.ActiveCfg = Release|Win32
		{CE78CB9E-2686-44D1-BDFB-8349731175E3}.Release|x86.Build.0 = Release|Win32
		{A4862DC7-AF41-4A37-B816-60F85E19943B}.Debug|x64.ActiveCfg = Debug|x64
		{A4862DC7-AF41-4A37-B816-60F85E19943B}.Debug|x64.Build.0 = Debug|x64
		{A4862DC7-AF41-4A37-B816-60F85E19943B}.Debug|x86.ActiveCfg = Debug|Win32
		{A4862DC7-AF41-4A37-B816-60F85E19943B}.Debug|x86.Build.0 = Debug|Win32
		{A4862DC7-AF41-4A37-B816-60F85E19943B}.Release|x64.ActiveCfg = Release|x64
		{A4862DC7-AF41-4A37-B816-60F85E19943B}.Release|x64.Build.0 = Release|x64
		{A4862DC7-AF41-4A37-B816-60F85E19943B}.Release|x86.ActiveCfg = Release|Win32
		{A4862DC7-AF41-4A37-B816-60F85E19943B}.Release|x86.Build.0 = Release|Win32
		{E6215ACB-A4C5-4184-87E7-7BEAF28F6C22}.Debug|x64.ActiveCfg = Debug|x64
		{E6215ACB-A4C5-4184-87E7-7BEAF28F6C22}.Debug|x64.Build.0 = Debug|x64
		{E6215ACB-A4C5-4184-87E7-7BEAF28F6C22}.Debug|x86.ActiveCfg = Debug|Win32
		{E6215ACB-A4C5-4184-87E7-7BEAF28F6C22}.Debug|x86.Build.0 = Debug|Win32
		{E6215ACB-A4C5-4184-87E7-7BEAF28F6C22}.Release|x64.ActiveCfg = Release|x64
		{E6215ACB-A4C5-4184-87E7-7BEAF28F6C22}.Release|x64.Build.0 = Release|x64
		{E6215ACB-A4C5-4184-87E7-7BEAF28F6C22}.Release|x86.ActiveCfg = Release|Win32
		{E6215ACB-A4C5-4184-87E7-7BEAF28F6C22}.Release|x86.Build.0 = Release|Win32
		{6AE12661-B38C-489A-B096-0D8708153EBE}.Debug|x64.ActiveCfg = Debug|x64
		{6AE12661-B38C-489A-B096-0D8708153EBE}.Debug|x64.Build.0 = Debug|x64
		{6AE12661-B38C-489A-B096-0D8708153EBE}.Debug|x86.ActiveCfg = Debug|Win32
		{6AE12661-B38C-489A-B096-0D8708153EBE}.Debug|x86.Build.0 = Debug|Win32
		{6AE12661-B38C-489A-B096-0D8708153EBE}.Release|x64.ActiveCfg = Release|x64
		{6AE12661-B38C-489A-B096-0D8708153EBE}.Release|x64.Build.0 = Release|x64
		{6AE12661-B38C-489A-B096-0D8708153EBE}.Release|x86.ActiveCfg = Release|Win32
		{6AE12661-B38C-489A-B096-0D8708153EBE}.Release|x86.Build.0 = Release|Win32
		{C830FCA2-279B-41F9-B89F-A5B6C5793C69}.Debug|x64.ActiveCfg = Debug|x64
		{C830FCA2-279B-41F9-B89F-A5B6C5793C69}.Debug|x64.Build.0 = Debug|x64
		{C830FCA2-279B-41F9-B89F-A5B6C5793C69}.Debug|x86.ActiveCfg = Debug|Win32
		{C830FCA2-279B-41F9-B89F-A5B6C5793C69}.Debug|x86.Build.0 = Debug|Win32
		{C830FCA2-279B-41F9-B89F-A5B6C5793C69}.Release|x64.ActiveCfg = Release|x64
		{C830FCA2-279B-41F9-B89F-A5B6C5793C69}.Release|x64.Build.0 = Release|x64
		{C830FCA2-279B-41F9-B89F-A5B6C5793C69}.Release|x86.ActiveCfg = Release|Win32
		{C830FCA2-279B-41F9-B89F-A5B6C5793C69}.Release|x86.Build.0 = Release|Win32
		{D7C05383-73EB-4C8B-AEE0-367456EAD02C}.Debug|x64.ActiveCfg = Debug|x64
		{D7C05383-73EB-4C8B-AEE0-367456EAD02C}.Debug|x64.Build.0 = Debug|x64
		{D7C05383-73EB-4C8B-AEE0-367456EAD02C}.Debug|x86.ActiveCfg = Debug|Win32
		{D7C05383-73EB-4C8B-AEE0-367456EAD02C}.Debug|x86.Build.0 = Debug|Win32
		{D7C05383-73EB-4C8B-AEE0-367456EAD02C}.Release|x64.ActiveCfg = Release|x64
		{D7C05383-73EB-4C8B-AEE0-367456EAD02C}.Release|x64.Build.0 = Release|x64
		{D7C05383-73EB-4C8B-AEE0-367456EAD02C}.Release|x86.ActiveCfg = Release|Win32
		{D7C05383-73EB-4C8B-AEE0-367456EAD02C}.Release|x86.Build.0 = Release|Win32
		{2A3BA6E8-033E-4F01-A88F-DA2E1A395E95}.Debug|x64.ActiveCfg = Debug|x64
		{2A3BA6E8-033E-4F01-A88F-DA2E1A395E95}.Debug|x64.Build.0 = Debug|x64
		{2A3BA6E8-033E-4F01-A88F-DA2E1A395E95}.Debug|x86.ActiveCfg = Debug|Win32
		{2A3BA6E8-033E-4F01-A88F-DA2E1A395E95}.Debug|x86.Build.0 = Debug|Win32
		{2A3BA6E8-033E-4F01-A88F-DA2E1A395E95}.Release|x64.ActiveCfg = Release|x64
		{2A3BA6E8-033E-4F01-A88F-DA2E1A395E95}.Release|x64.Build.0 = Release|x64
		{2A3BA6E8-033E-4F01-A88F-DA2E1A395E95}.Release|x86.ActiveCfg = Release|Win32
		{2A3BA6E8-033E-4F01-A88F-DA2E1A395E95}.Release|x86.Build.0 = Release|Win32
		{01FA4E21-8031-463A-80B7-044BCA882A96}.Debug|x64.ActiveCfg = Debug|x64
		{01FA4E21-8031-463A-80B7-044BCA882A96}.Debug|x64.Build.0 = Debug|x64
		{01FA4E21-8031-463A-80B7-044BCA882A96}.Debug|x86.ActiveCfg = Debug|Win32
		{01FA4E21-8031-463A-80B7-044BCA882A96}.Debug|x86.Build.0 = Debug|Win32
		{01FA4E21-8031-463A-80B7-044BCA882A96}.Release|x64.ActiveCfg = Release|x64
		{01FA4E21-8031-463A-80B7-044BCA882A96}.Release|x64.Build.0 = Release|x64
		{01FA4E21-8031-463A-80B7-044BCA882A96}.Release|x86.ActiveCfg = Release|Win32
		{01FA4E21-8031-463A-80B7-044BCA882A96}.Release|x86.Build.0 = Release|Win32
		{3074E772-38E5-4B94-8B07-387C2B57EBC5}.Debug|x64.ActiveCfg = Debug|x64
		{3074E772-38E5-4B94-8B07-387C2B57EBC5}.Debug|x64.Build.0 = Debug|x64
		{3074E772-38E5-4B94-8B07-387C2B57EBC5}.Debug|x86.ActiveCfg = Debug|Win32
		{3074E772-38E5-4B94-8B07-387C2B57EBC5}.Debug|x86.Build.0 = Debug|Win32
		{3074E772-38E5-4B94-8B07-387C2B57EBC5}.Release|x64.ActiveCfg = Release|x64
		{3074E772-38E5-4B94-8B07-387C2B57EBC5}.Release|x64.Build.0 = Release|x64
		{3074E772-38E5-4B94-8B07-387C2B57EBC5}.Release|x86.ActiveCfg = Release|Win32
		{3074E772-38E5-4B94-8B07-387C2B57EBC5}.Release|x86.Build.0 = Release|Win32
		{F87DD9F1-B5E1-46EE-B24D-59D614E91E7A}.Debug|x64.ActiveCfg = Debug|x64
		{F87DD9F1-B5E1-46EE-B24D-59D614E91E7A}.Debug|x64.Build.0 = Debug|x64
		{F87DD9F1-B5E1-46EE-B24D-59D614E91E7A}.Debug|x86.ActiveCfg = Debug|Win32
		{F87DD9F1-B5E1-46EE-B24D-59D614E91E7A}.Debug|x86.Build.0 = Debug|Win32
		{F87DD9F1-B5E1-46EE-B24D-59D614E91E7A}.Release|x64.ActiveCfg = Release|x64
		{F87DD9F1-B5E1-46EE-B24D-59D614E91E7A}.Release|x64.Build.0 = Release|x64
		{F87DD9F1-B5E1-46EE-B24D-59D614E91E7A}.Release|x86.ActiveCfg = Release|Win32
		{F87DD9F1-B5E1-46EE-B24D-59D614E91E7A}.Release|x86.Build.0 = Release|Win32
	EndGlobalSection
	GlobalSection(SolutionProperties) = preSolution
		HideSolutionNode = FALSE
	EndGlobalSection
	GlobalSection(ExtensibilityGlobals) = postSolution
		SolutionGuid = {65812854-8B5D-4E24-AD51-380BDD1E10C1}
	EndGlobalSection
EndGlobal
