
Microsoft Visual Studio Solution File, Format Version 12.00
# Visual Studio Version 17
VisualStudioVersion = 17.1.32328.378
MinimumVisualStudioVersion = 10.0.40219.1
Project("{8BC9CEB8-8B4A-11D0-8D11-00A0C91BC942}") = "num.1094", "백준 문제 노트\백준 문제 노트.vcxproj", "{7C426105-97D4-4880-A27A-40F6C4D28202}"
EndProject
Project("{8BC9CEB8-8B4A-11D0-8D11-00A0C91BC942}") = "num.1056", "asfasdf\asfasdf.vcxproj", "{A43FAB4A-2318-49B0-9350-214E205A0336}"
EndProject
Project("{8BC9CEB8-8B4A-11D0-8D11-00A0C91BC942}") = "num.10828", "asdfasdf\asdfasdf.vcxproj", "{A33281A1-B521-4B97-B9B0-11713642B137}"
EndProject
Project("{8BC9CEB8-8B4A-11D0-8D11-00A0C91BC942}") = "num.2947", "num.2947\num.2947.vcxproj", "{9ACE4EA9-F4D6-4816-AD6A-C3F302D54229}"
EndProject
Project("{8BC9CEB8-8B4A-11D0-8D11-00A0C91BC942}") = "asdfasf", "asdfasf\asdfasf.vcxproj", "{DDE4C868-1137-424E-B1D7-2B91649917C3}"
EndProject
Project("{8BC9CEB8-8B4A-11D0-8D11-00A0C91BC942}") = "빈 노트", "빈 노트\빈 노트.vcxproj", "{0408B022-748C-44AA-A109-0F1E510E116D}"
EndProject
Project("{8BC9CEB8-8B4A-11D0-8D11-00A0C91BC942}") = "num.15686", "num.15686\num.15686.vcxproj", "{503CB703-D593-4E70-862E-AEB0D87B7614}"
EndProject
Project("{8BC9CEB8-8B4A-11D0-8D11-00A0C91BC942}") = "num.2798", "num.2798\num.2798.vcxproj", "{646E90DD-013E-45A3-9669-E72548C23A99}"
EndProject
Project("{8BC9CEB8-8B4A-11D0-8D11-00A0C91BC942}") = "num.1431", "num.1431\num.1431.vcxproj", "{F32FDCDC-93B0-4488-A59E-E0A9676ABFAE}"
EndProject
Project("{8BC9CEB8-8B4A-11D0-8D11-00A0C91BC942}") = "asdfasdfsadf", "asdfasdfsadf\asdfasdfsadf.vcxproj", "{C0C3EA9B-9697-4D93-AAF2-259CB469F61C}"
EndProject
Project("{8BC9CEB8-8B4A-11D0-8D11-00A0C91BC942}") = "num.12018", "num.12018\num.12018.vcxproj", "{11A85D50-BE67-4709-B852-ED4370C7FFDC}"
EndProject
Project("{8BC9CEB8-8B4A-11D0-8D11-00A0C91BC942}") = "num_1735", "1735_분수 합\1735_분수 합.vcxproj", "{085808FF-8A30-44A7-959C-ED6C2664B180}"
EndProject
Project("{8BC9CEB8-8B4A-11D0-8D11-00A0C91BC942}") = "num.1991", "num.1991\num.1991.vcxproj", "{D117B593-8408-48F0-B54C-BE16AF428466}"
EndProject
Project("{8BC9CEB8-8B4A-11D0-8D11-00A0C91BC942}") = "num.1922", "num.1922\num.1922.vcxproj", "{80D8006E-D086-4A30-A231-3B56AFFC0CB1}"
EndProject
Project("{8BC9CEB8-8B4A-11D0-8D11-00A0C91BC942}") = "num.14502", "num.14502\num.14502.vcxproj", "{7999D022-80DC-4DC5-94CE-F1605667D915}"
EndProject
Project("{8BC9CEB8-8B4A-11D0-8D11-00A0C91BC942}") = "num.1759", "num.1759\num.1759.vcxproj", "{E09351C1-F06D-4DD9-8C5C-C1311E5F29C7}"
EndProject
Global
	GlobalSection(SolutionConfigurationPlatforms) = preSolution
		Debug|x64 = Debug|x64
		Debug|x86 = Debug|x86
		Release|x64 = Release|x64
		Release|x86 = Release|x86
	EndGlobalSection
	GlobalSection(ProjectConfigurationPlatforms) = postSolution
		{7C426105-97D4-4880-A27A-40F6C4D28202}.Debug|x64.ActiveCfg = Debug|x64
		{7C426105-97D4-4880-A27A-40F6C4D28202}.Debug|x64.Build.0 = Debug|x64
		{7C426105-97D4-4880-A27A-40F6C4D28202}.Debug|x86.ActiveCfg = Debug|Win32
		{7C426105-97D4-4880-A27A-40F6C4D28202}.Debug|x86.Build.0 = Debug|Win32
		{7C426105-97D4-4880-A27A-40F6C4D28202}.Release|x64.ActiveCfg = Release|x64
		{7C426105-97D4-4880-A27A-40F6C4D28202}.Release|x64.Build.0 = Release|x64
		{7C426105-97D4-4880-A27A-40F6C4D28202}.Release|x86.ActiveCfg = Release|Win32
		{7C426105-97D4-4880-A27A-40F6C4D28202}.Release|x86.Build.0 = Release|Win32
		{A43FAB4A-2318-49B0-9350-214E205A0336}.Debug|x64.ActiveCfg = Debug|x64
		{A43FAB4A-2318-49B0-9350-214E205A0336}.Debug|x64.Build.0 = Debug|x64
		{A43FAB4A-2318-49B0-9350-214E205A0336}.Debug|x86.ActiveCfg = Debug|Win32
		{A43FAB4A-2318-49B0-9350-214E205A0336}.Debug|x86.Build.0 = Debug|Win32
		{A43FAB4A-2318-49B0-9350-214E205A0336}.Release|x64.ActiveCfg = Release|x64
		{A43FAB4A-2318-49B0-9350-214E205A0336}.Release|x64.Build.0 = Release|x64
		{A43FAB4A-2318-49B0-9350-214E205A0336}.Release|x86.ActiveCfg = Release|Win32
		{A43FAB4A-2318-49B0-9350-214E205A0336}.Release|x86.Build.0 = Release|Win32
		{A33281A1-B521-4B97-B9B0-11713642B137}.Debug|x64.ActiveCfg = Debug|x64
		{A33281A1-B521-4B97-B9B0-11713642B137}.Debug|x64.Build.0 = Debug|x64
		{A33281A1-B521-4B97-B9B0-11713642B137}.Debug|x86.ActiveCfg = Debug|Win32
		{A33281A1-B521-4B97-B9B0-11713642B137}.Debug|x86.Build.0 = Debug|Win32
		{A33281A1-B521-4B97-B9B0-11713642B137}.Release|x64.ActiveCfg = Release|x64
		{A33281A1-B521-4B97-B9B0-11713642B137}.Release|x64.Build.0 = Release|x64
		{A33281A1-B521-4B97-B9B0-11713642B137}.Release|x86.ActiveCfg = Release|Win32
		{A33281A1-B521-4B97-B9B0-11713642B137}.Release|x86.Build.0 = Release|Win32
		{9ACE4EA9-F4D6-4816-AD6A-C3F302D54229}.Debug|x64.ActiveCfg = Debug|x64
		{9ACE4EA9-F4D6-4816-AD6A-C3F302D54229}.Debug|x64.Build.0 = Debug|x64
		{9ACE4EA9-F4D6-4816-AD6A-C3F302D54229}.Debug|x86.ActiveCfg = Debug|Win32
		{9ACE4EA9-F4D6-4816-AD6A-C3F302D54229}.Debug|x86.Build.0 = Debug|Win32
		{9ACE4EA9-F4D6-4816-AD6A-C3F302D54229}.Release|x64.ActiveCfg = Release|x64
		{9ACE4EA9-F4D6-4816-AD6A-C3F302D54229}.Release|x64.Build.0 = Release|x64
		{9ACE4EA9-F4D6-4816-AD6A-C3F302D54229}.Release|x86.ActiveCfg = Release|Win32
		{9ACE4EA9-F4D6-4816-AD6A-C3F302D54229}.Release|x86.Build.0 = Release|Win32
		{DDE4C868-1137-424E-B1D7-2B91649917C3}.Debug|x64.ActiveCfg = Debug|x64
		{DDE4C868-1137-424E-B1D7-2B91649917C3}.Debug|x64.Build.0 = Debug|x64
		{DDE4C868-1137-424E-B1D7-2B91649917C3}.Debug|x86.ActiveCfg = Debug|Win32
		{DDE4C868-1137-424E-B1D7-2B91649917C3}.Debug|x86.Build.0 = Debug|Win32
		{DDE4C868-1137-424E-B1D7-2B91649917C3}.Release|x64.ActiveCfg = Release|x64
		{DDE4C868-1137-424E-B1D7-2B91649917C3}.Release|x64.Build.0 = Release|x64
		{DDE4C868-1137-424E-B1D7-2B91649917C3}.Release|x86.ActiveCfg = Release|Win32
		{DDE4C868-1137-424E-B1D7-2B91649917C3}.Release|x86.Build.0 = Release|Win32
		{0408B022-748C-44AA-A109-0F1E510E116D}.Debug|x64.ActiveCfg = Debug|x64
		{0408B022-748C-44AA-A109-0F1E510E116D}.Debug|x64.Build.0 = Debug|x64
		{0408B022-748C-44AA-A109-0F1E510E116D}.Debug|x86.ActiveCfg = Debug|Win32
		{0408B022-748C-44AA-A109-0F1E510E116D}.Debug|x86.Build.0 = Debug|Win32
		{0408B022-748C-44AA-A109-0F1E510E116D}.Release|x64.ActiveCfg = Release|x64
		{0408B022-748C-44AA-A109-0F1E510E116D}.Release|x64.Build.0 = Release|x64
		{0408B022-748C-44AA-A109-0F1E510E116D}.Release|x86.ActiveCfg = Release|Win32
		{0408B022-748C-44AA-A109-0F1E510E116D}.Release|x86.Build.0 = Release|Win32
		{503CB703-D593-4E70-862E-AEB0D87B7614}.Debug|x64.ActiveCfg = Debug|x64
		{503CB703-D593-4E70-862E-AEB0D87B7614}.Debug|x64.Build.0 = Debug|x64
		{503CB703-D593-4E70-862E-AEB0D87B7614}.Debug|x86.ActiveCfg = Debug|Win32
		{503CB703-D593-4E70-862E-AEB0D87B7614}.Debug|x86.Build.0 = Debug|Win32
		{503CB703-D593-4E70-862E-AEB0D87B7614}.Release|x64.ActiveCfg = Release|x64
		{503CB703-D593-4E70-862E-AEB0D87B7614}.Release|x64.Build.0 = Release|x64
		{503CB703-D593-4E70-862E-AEB0D87B7614}.Release|x86.ActiveCfg = Release|Win32
		{503CB703-D593-4E70-862E-AEB0D87B7614}.Release|x86.Build.0 = Release|Win32
		{646E90DD-013E-45A3-9669-E72548C23A99}.Debug|x64.ActiveCfg = Debug|x64
		{646E90DD-013E-45A3-9669-E72548C23A99}.Debug|x64.Build.0 = Debug|x64
		{646E90DD-013E-45A3-9669-E72548C23A99}.Debug|x86.ActiveCfg = Debug|Win32
		{646E90DD-013E-45A3-9669-E72548C23A99}.Debug|x86.Build.0 = Debug|Win32
		{646E90DD-013E-45A3-9669-E72548C23A99}.Release|x64.ActiveCfg = Release|x64
		{646E90DD-013E-45A3-9669-E72548C23A99}.Release|x64.Build.0 = Release|x64
		{646E90DD-013E-45A3-9669-E72548C23A99}.Release|x86.ActiveCfg = Release|Win32
		{646E90DD-013E-45A3-9669-E72548C23A99}.Release|x86.Build.0 = Release|Win32
		{F32FDCDC-93B0-4488-A59E-E0A9676ABFAE}.Debug|x64.ActiveCfg = Debug|x64
		{F32FDCDC-93B0-4488-A59E-E0A9676ABFAE}.Debug|x64.Build.0 = Debug|x64
		{F32FDCDC-93B0-4488-A59E-E0A9676ABFAE}.Debug|x86.ActiveCfg = Debug|Win32
		{F32FDCDC-93B0-4488-A59E-E0A9676ABFAE}.Debug|x86.Build.0 = Debug|Win32
		{F32FDCDC-93B0-4488-A59E-E0A9676ABFAE}.Release|x64.ActiveCfg = Release|x64
		{F32FDCDC-93B0-4488-A59E-E0A9676ABFAE}.Release|x64.Build.0 = Release|x64
		{F32FDCDC-93B0-4488-A59E-E0A9676ABFAE}.Release|x86.ActiveCfg = Release|Win32
		{F32FDCDC-93B0-4488-A59E-E0A9676ABFAE}.Release|x86.Build.0 = Release|Win32
		{C0C3EA9B-9697-4D93-AAF2-259CB469F61C}.Debug|x64.ActiveCfg = Debug|x64
		{C0C3EA9B-9697-4D93-AAF2-259CB469F61C}.Debug|x64.Build.0 = Debug|x64
		{C0C3EA9B-9697-4D93-AAF2-259CB469F61C}.Debug|x86.ActiveCfg = Debug|Win32
		{C0C3EA9B-9697-4D93-AAF2-259CB469F61C}.Debug|x86.Build.0 = Debug|Win32
		{C0C3EA9B-9697-4D93-AAF2-259CB469F61C}.Release|x64.ActiveCfg = Release|x64
		{C0C3EA9B-9697-4D93-AAF2-259CB469F61C}.Release|x64.Build.0 = Release|x64
		{C0C3EA9B-9697-4D93-AAF2-259CB469F61C}.Release|x86.ActiveCfg = Release|Win32
		{C0C3EA9B-9697-4D93-AAF2-259CB469F61C}.Release|x86.Build.0 = Release|Win32
		{11A85D50-BE67-4709-B852-ED4370C7FFDC}.Debug|x64.ActiveCfg = Debug|x64
		{11A85D50-BE67-4709-B852-ED4370C7FFDC}.Debug|x64.Build.0 = Debug|x64
		{11A85D50-BE67-4709-B852-ED4370C7FFDC}.Debug|x86.ActiveCfg = Debug|Win32
		{11A85D50-BE67-4709-B852-ED4370C7FFDC}.Debug|x86.Build.0 = Debug|Win32
		{11A85D50-BE67-4709-B852-ED4370C7FFDC}.Release|x64.ActiveCfg = Release|x64
		{11A85D50-BE67-4709-B852-ED4370C7FFDC}.Release|x64.Build.0 = Release|x64
		{11A85D50-BE67-4709-B852-ED4370C7FFDC}.Release|x86.ActiveCfg = Release|Win32
		{11A85D50-BE67-4709-B852-ED4370C7FFDC}.Release|x86.Build.0 = Release|Win32
		{085808FF-8A30-44A7-959C-ED6C2664B180}.Debug|x64.ActiveCfg = Debug|x64
		{085808FF-8A30-44A7-959C-ED6C2664B180}.Debug|x64.Build.0 = Debug|x64
		{085808FF-8A30-44A7-959C-ED6C2664B180}.Debug|x86.ActiveCfg = Debug|Win32
		{085808FF-8A30-44A7-959C-ED6C2664B180}.Debug|x86.Build.0 = Debug|Win32
		{085808FF-8A30-44A7-959C-ED6C2664B180}.Release|x64.ActiveCfg = Release|x64
		{085808FF-8A30-44A7-959C-ED6C2664B180}.Release|x64.Build.0 = Release|x64
		{085808FF-8A30-44A7-959C-ED6C2664B180}.Release|x86.ActiveCfg = Release|Win32
		{085808FF-8A30-44A7-959C-ED6C2664B180}.Release|x86.Build.0 = Release|Win32
		{D117B593-8408-48F0-B54C-BE16AF428466}.Debug|x64.ActiveCfg = Debug|x64
		{D117B593-8408-48F0-B54C-BE16AF428466}.Debug|x64.Build.0 = Debug|x64
		{D117B593-8408-48F0-B54C-BE16AF428466}.Debug|x86.ActiveCfg = Debug|Win32
		{D117B593-8408-48F0-B54C-BE16AF428466}.Debug|x86.Build.0 = Debug|Win32
		{D117B593-8408-48F0-B54C-BE16AF428466}.Release|x64.ActiveCfg = Release|x64
		{D117B593-8408-48F0-B54C-BE16AF428466}.Release|x64.Build.0 = Release|x64
		{D117B593-8408-48F0-B54C-BE16AF428466}.Release|x86.ActiveCfg = Release|Win32
		{D117B593-8408-48F0-B54C-BE16AF428466}.Release|x86.Build.0 = Release|Win32
		{80D8006E-D086-4A30-A231-3B56AFFC0CB1}.Debug|x64.ActiveCfg = Debug|x64
		{80D8006E-D086-4A30-A231-3B56AFFC0CB1}.Debug|x64.Build.0 = Debug|x64
		{80D8006E-D086-4A30-A231-3B56AFFC0CB1}.Debug|x86.ActiveCfg = Debug|Win32
		{80D8006E-D086-4A30-A231-3B56AFFC0CB1}.Debug|x86.Build.0 = Debug|Win32
		{80D8006E-D086-4A30-A231-3B56AFFC0CB1}.Release|x64.ActiveCfg = Release|x64
		{80D8006E-D086-4A30-A231-3B56AFFC0CB1}.Release|x64.Build.0 = Release|x64
		{80D8006E-D086-4A30-A231-3B56AFFC0CB1}.Release|x86.ActiveCfg = Release|Win32
		{80D8006E-D086-4A30-A231-3B56AFFC0CB1}.Release|x86.Build.0 = Release|Win32
		{7999D022-80DC-4DC5-94CE-F1605667D915}.Debug|x64.ActiveCfg = Debug|x64
		{7999D022-80DC-4DC5-94CE-F1605667D915}.Debug|x64.Build.0 = Debug|x64
		{7999D022-80DC-4DC5-94CE-F1605667D915}.Debug|x86.ActiveCfg = Debug|Win32
		{7999D022-80DC-4DC5-94CE-F1605667D915}.Debug|x86.Build.0 = Debug|Win32
		{7999D022-80DC-4DC5-94CE-F1605667D915}.Release|x64.ActiveCfg = Release|x64
		{7999D022-80DC-4DC5-94CE-F1605667D915}.Release|x64.Build.0 = Release|x64
		{7999D022-80DC-4DC5-94CE-F1605667D915}.Release|x86.ActiveCfg = Release|Win32
		{7999D022-80DC-4DC5-94CE-F1605667D915}.Release|x86.Build.0 = Release|Win32
		{E09351C1-F06D-4DD9-8C5C-C1311E5F29C7}.Debug|x64.ActiveCfg = Debug|x64
		{E09351C1-F06D-4DD9-8C5C-C1311E5F29C7}.Debug|x64.Build.0 = Debug|x64
		{E09351C1-F06D-4DD9-8C5C-C1311E5F29C7}.Debug|x86.ActiveCfg = Debug|Win32
		{E09351C1-F06D-4DD9-8C5C-C1311E5F29C7}.Debug|x86.Build.0 = Debug|Win32
		{E09351C1-F06D-4DD9-8C5C-C1311E5F29C7}.Release|x64.ActiveCfg = Release|x64
		{E09351C1-F06D-4DD9-8C5C-C1311E5F29C7}.Release|x64.Build.0 = Release|x64
		{E09351C1-F06D-4DD9-8C5C-C1311E5F29C7}.Release|x86.ActiveCfg = Release|Win32
		{E09351C1-F06D-4DD9-8C5C-C1311E5F29C7}.Release|x86.Build.0 = Release|Win32
	EndGlobalSection
	GlobalSection(SolutionProperties) = preSolution
		HideSolutionNode = FALSE
	EndGlobalSection
	GlobalSection(ExtensibilityGlobals) = postSolution
		SolutionGuid = {65812854-8B5D-4E24-AD51-380BDD1E10C1}
	EndGlobalSection
EndGlobal
